
Microsoft Visual Studio Solution File, Format Version 12.00
# Visual Studio 15
Project("{FAE04EC0-301F-11D3-BF4B-00C04F79EFBC}") = "Assembly-CSharp-Editor", "Assembly-CSharp-Editor.csproj", "{A3DF636C-213C-6076-63B2-54B713942950}"
EndProject
Project("{FAE04EC0-301F-11D3-BF4B-00C04F79EFBC}") = "Assembly-CSharp", "Assembly-CSharp.csproj", "{AF708B65-C255-4D5D-5FC9-AF60DF0CDB80}"
EndProject
Global
	GlobalSection(SolutionConfigurationPlatforms) = preSolution
		Debug|Any CPU = Debug|Any CPU
		Release|Any CPU = Release|Any CPU
	EndGlobalSection
	GlobalSection(ProjectConfigurationPlatforms) = postSolution
		{A3DF636C-213C-6076-63B2-54B713942950}.Debug|Any CPU.ActiveCfg = Debug|Any CPU
		{A3DF636C-213C-6076-63B2-54B713942950}.Debug|Any CPU.Build.0 = Debug|Any CPU
		{A3DF636C-213C-6076-63B2-54B713942950}.Release|Any CPU.ActiveCfg = Release|Any CPU
		{A3DF636C-213C-6076-63B2-54B713942950}.Release|Any CPU.Build.0 = Release|Any CPU
		{AF708B65-C255-4D5D-5FC9-AF60DF0CDB80}.Debug|Any CPU.ActiveCfg = Debug|Any CPU
		{AF708B65-C255-4D5D-5FC9-AF60DF0CDB80}.Debug|Any CPU.Build.0 = Debug|Any CPU
		{AF708B65-C255-4D5D-5FC9-AF60DF0CDB80}.Release|Any CPU.ActiveCfg = Release|Any CPU
		{AF708B65-C255-4D5D-5FC9-AF60DF0CDB80}.Release|Any CPU.Build.0 = Release|Any CPU
	EndGlobalSection
	GlobalSection(SolutionProperties) = preSolution
		HideSolutionNode = FALSE
	EndGlobalSection
EndGlobal
